
Microsoft Visual Studio Solution File, Format Version 12.00
# Visual Studio 2012
Project("{FAE04EC0-301F-11D3-BF4B-00C04F79EFBC}") = "VirtualMemory", "VirtualMemory\VirtualMemory.csproj", "{7D6AD20D-5B41-4037-8FE7-6A3FC777C58B}"
EndProject
Global
	GlobalSection(SolutionConfigurationPlatforms) = preSolution
		Debug|Any CPU = Debug|Any CPU
		Release|Any CPU = Release|Any CPU
	EndGlobalSection
	GlobalSection(ProjectConfigurationPlatforms) = postSolution
		{7D6AD20D-5B41-4037-8FE7-6A3FC777C58B}.Debug|Any CPU.ActiveCfg = Debug|Any CPU
		{7D6AD20D-5B41-4037-8FE7-6A3FC777C58B}.Debug|Any CPU.Build.0 = Debug|Any CPU
		{7D6AD20D-5B41-4037-8FE7-6A3FC777C58B}.Release|Any CPU.ActiveCfg = Release|Any CPU
		{7D6AD20D-5B41-4037-8FE7-6A3FC777C58B}.Release|Any CPU.Build.0 = Release|Any CPU
	EndGlobalSection
EndGlobal
